uuid: 08ff856a-da4f-492d-88d0-fb366d1546ef
langcode: en
status: true
dependencies:
  module:
    - node
_core:
  default_config_hash: xgfbJT52U7jakYwMZJwcvvjX6_TJqlh6eeRy-PdYoJE
id: node.field_internal_lock
field_name: field_internal_lock
entity_type: node
type: boolean
settings: {  }
module: core
locked: false
cardinality: 1
translatable: false
indexes: {  }
persist_with_no_fields: false
custom_storage: false
